
Microsoft Visual Studio Solution File, Format Version 12.00
# Visual Studio 15
VisualStudioVersion = 15.0.28307.1145
MinimumVisualStudioVersion = 10.0.40219.1
Project("{159641D6-6404-4A2A-AE62-294DE0FE8301}") = "Integration Services Project3", "Integration Services Project3\Integration Services Project3.dtproj", "{1BD1ED3E-A4BF-47F8-A239-C48AC9294A5A}"
EndProject
Global
	GlobalSection(SolutionConfigurationPlatforms) = preSolution
		Development|Default = Development|Default
	EndGlobalSection
	GlobalSection(ProjectConfigurationPlatforms) = postSolution
		{1BD1ED3E-A4BF-47F8-A239-C48AC9294A5A}.Development|Default.ActiveCfg = Development
		{1BD1ED3E-A4BF-47F8-A239-C48AC9294A5A}.Development|Default.Build.0 = Development
	EndGlobalSection
	GlobalSection(SolutionProperties) = preSolution
		HideSolutionNode = FALSE
	EndGlobalSection
	GlobalSection(ExtensibilityGlobals) = postSolution
		SolutionGuid = {2574633D-1D48-44D4-B943-18CE04CAF37D}
	EndGlobalSection
EndGlobal
